// !$*UTF8*$!
{
	archiveVersion = 1;
	classes = {
	};
	objectVersion = 77;
	objects = {

/* Begin PBXContainerItemProxy section */
		C63E05242E401E9E00B80A43 /* PBXContainerItemProxy */ = {
			isa = PBXContainerItemProxy;
			containerPortal = C63E050D2E401E9C00B80A43 /* Project object */;
			proxyType = 1;
			remoteGlobalIDString = C63E05142E401E9C00B80A43;
			remoteInfo = AudioToText;
		};
		C63E052E2E401E9E00B80A43 /* PBXContainerItemProxy */ = {
			isa = PBXContainerItemProxy;
			containerPortal = C63E050D2E401E9C00B80A43 /* Project object */;
			proxyType = 1;
			remoteGlobalIDString = C63E05142E401E9C00B80A43;
			remoteInfo = AudioToText;
		};
/* End PBXContainerItemProxy section */

/* Begin PBXFileReference section */
		C63E05152E401E9C00B80A43 /* AudioToText.app */ = {isa = PBXFileReference; explicitFileType = wrapper.application; includeInIndex = 0; path = AudioToText.app; sourceTree = BUILT_PRODUCTS_DIR; };
		C63E05232E401E9E00B80A43 /* AudioToTextTests.xctest */ = {isa = PBXFileReference; explicitFileType = wrapper.cfbundle; includeInIndex = 0; path = AudioToTextTests.xctest; sourceTree = BUILT_PRODUCTS_DIR; };
		C63E052D2E401E9E00B80A43 /* AudioToTextUITests.xctest */ = {isa = PBXFileReference; explicitFileType = wrapper.cfbundle; includeInIndex = 0; path = AudioToTextUITests.xctest; sourceTree = BUILT_PRODUCTS_DIR; };
/* End PBXFileReference section */

/* Begin PBXFileSystemSynchronizedRootGroup section */
		C63E05172E401E9C00B80A43 /* AudioToText */ = {
			isa = PBXFileSystemSynchronizedRootGroup;
			path = AudioToText;
			sourceTree = "<group>";
		};
		C63E05262E401E9E00B80A43 /* AudioToTextTests */ = {
			isa = PBXFileSystemSynchronizedRootGroup;
			path = AudioToTextTests;
			sourceTree = "<group>";
		};
		C63E05302E401E9E00B80A43 /* AudioToTextUITests */ = {
			isa = PBXFileSystemSynchronizedRootGroup;
			path = AudioToTextUITests;
			sourceTree = "<group>";
		};
/* End PBXFileSystemSynchronizedRootGroup section */

/* Begin PBXFrameworksBuildPhase section */
		C63E05122E401E9C00B80A43 /* Frameworks */ = {
			isa = PBXFrameworksBuildPhase;
			buildActionMask = 2147483647;
			files = (
			);
			runOnlyForDeploymentPostprocessing = 0;
		};
		C63E05202E401E9E00B80A43 /* Frameworks */ = {
			isa = PBXFrameworksBuildPhase;
			buildActionMask = 2147483647;
			files = (
			);
			runOnlyForDeploymentPostprocessing = 0;
		};
		C63E052A2E401E9E00B80A43 /* Frameworks */ = {
			isa = PBXFrameworksBuildPhase;
			buildActionMask = 2147483647;
			files = (
			);
			runOnlyForDeploymentPostprocessing = 0;
		};
/* End PBXFrameworksBuildPhase section */

/* Begin PBXGroup section */
		C63E050C2E401E9C00B80A43 = {
			isa = PBXGroup;
			children = (
				C63E05172E401E9C00B80A43 /* AudioToText */,
				C63E05262E401E9E00B80A43 /* AudioToTextTests */,
				C63E05302E401E9E00B80A43 /* AudioToTextUITests */,
				C63E05162E401E9C00B80A43 /* Products */,
			);
			sourceTree = "<group>";
		};
		C63E05162E401E9C00B80A43 /* Products */ = {
			isa = PBXGroup;
			children = (
				C63E05152E401E9C00B80A43 /* AudioToText.app */,
				C63E05232E401E9E00B80A43 /* AudioToTextTests.xctest */,
				C63E052D2E401E9E00B80A43 /* AudioToTextUITests.xctest */,
			);
			name = Products;
			sourceTree = "<group>";
		};
/* End PBXGroup section */

/* Begin PBXNativeTarget section */
		C63E05142E401E9C00B80A43 /* AudioToText */ = {
			isa = PBXNativeTarget;
			buildConfigurationList = C63E05372E401E9E00B80A43 /* Build configuration list for PBXNativeTarget "AudioToText" */;
			buildPhases = (
				C63E05112E401E9C00B80A43 /* Sources */,
				C63E05122E401E9C00B80A43 /* Frameworks */,
				C63E05132E401E9C00B80A43 /* Resources */,
			);
			buildRules = (
			);
			dependencies = (
			);
			fileSystemSynchronizedGroups = (
				C63E05172E401E9C00B80A43 /* AudioToText */,
			);
			name = AudioToText;
			packageProductDependencies = (
			);
			productName = AudioToText;
			productReference = C63E05152E401E9C00B80A43 /* AudioToText.app */;
			productType = "com.apple.product-type.application";
		};
		C63E05222E401E9E00B80A43 /* AudioToTextTests */ = {
			isa = PBXNativeTarget;
			buildConfigurationList = C63E053A2E401E9E00B80A43 /* Build configuration list for PBXNativeTarget "AudioToTextTests" */;
			buildPhases = (
				C63E051F2E401E9E00B80A43 /* Sources */,
				C63E05202E401E9E00B80A43 /* Frameworks */,
				C63E05212E401E9E00B80A43 /* Resources */,
			);
			buildRules = (
			);
			dependencies = (
				C63E05252E401E9E00B80A43 /* PBXTargetDependency */,
			);
			fileSystemSynchronizedGroups = (
				C63E05262E401E9E00B80A43 /* AudioToTextTests */,
			);
			name = AudioToTextTests;
			packageProductDependencies = (
			);
			productName = AudioToTextTests;
			productReference = C63E05232E401E9E00B80A43 /* AudioToTextTests.xctest */;
			productType = "com.apple.product-type.bundle.unit-test";
		};
		C63E052C2E401E9E00B80A43 /* AudioToTextUITests */ = {
			isa = PBXNativeTarget;
			buildConfigurationList = C63E053D2E401E9E00B80A43 /* Build configuration list for PBXNativeTarget "AudioToTextUITests" */;
			buildPhases = (
				C63E05292E401E9E00B80A43 /* Sources */,
				C63E052A2E401E9E00B80A43 /* Frameworks */,
				C63E052B2E401E9E00B80A43 /* Resources */,
			);
			buildRules = (
			);
			dependencies = (
				C63E052F2E401E9E00B80A43 /* PBXTargetDependency */,
			);
			fileSystemSynchronizedGroups = (
				C63E05302E401E9E00B80A43 /* AudioToTextUITests */,
			);
			name = AudioToTextUITests;
			packageProductDependencies = (
			);
			productName = AudioToTextUITests;
			productReference = C63E052D2E401E9E00B80A43 /* AudioToTextUITests.xctest */;
			productType = "com.apple.product-type.bundle.ui-testing";
		};
/* End PBXNativeTarget section */

/* Begin PBXProject section */
		C63E050D2E401E9C00B80A43 /* Project object */ = {
			isa = PBXProject;
			attributes = {
				BuildIndependentTargetsInParallel = 1;
				LastSwiftUpdateCheck = 1640;
				LastUpgradeCheck = 1640;
				TargetAttributes = {
					C63E05142E401E9C00B80A43 = {
						CreatedOnToolsVersion = 16.4;
					};
					C63E05222E401E9E00B80A43 = {
						CreatedOnToolsVersion = 16.4;
						TestTargetID = C63E05142E401E9C00B80A43;
					};
					C63E052C2E401E9E00B80A43 = {
						CreatedOnToolsVersion = 16.4;
						TestTargetID = C63E05142E401E9C00B80A43;
					};
				};
			};
			buildConfigurationList = C63E05102E401E9C00B80A43 /* Build configuration list for PBXProject "AudioToText" */;
			developmentRegion = en;
			hasScannedForEncodings = 0;
			knownRegions = (
				en,
				Base,
			);
			mainGroup = C63E050C2E401E9C00B80A43;
			minimizedProjectReferenceProxies = 1;
			preferredProjectObjectVersion = 77;
			productRefGroup = C63E05162E401E9C00B80A43 /* Products */;
			projectDirPath = "";
			projectRoot = "";
			targets = (
				C63E05142E401E9C00B80A43 /* AudioToText */,
				C63E05222E401E9E00B80A43 /* AudioToTextTests */,
				C63E052C2E401E9E00B80A43 /* AudioToTextUITests */,
			);
		};
/* End PBXProject section */

/* Begin PBXResourcesBuildPhase section */
		C63E05132E401E9C00B80A43 /* Resources */ = {
			isa = PBXResourcesBuildPhase;
			buildActionMask = 2147483647;
			files = (
			);
			runOnlyForDeploymentPostprocessing = 0;
		};
		C63E05212E401E9E00B80A43 /* Resources */ = {
			isa = PBXResourcesBuildPhase;
			buildActionMask = 2147483647;
			files = (
			);
			runOnlyForDeploymentPostprocessing = 0;
		};
		C63E052B2E401E9E00B80A43 /* Resources */ = {
			isa = PBXResourcesBuildPhase;
			buildActionMask = 2147483647;
			files = (
			);
			runOnlyForDeploymentPostprocessing = 0;
		};
/* End PBXResourcesBuildPhase section */

/* Begin PBXSourcesBuildPhase section */
		C63E05112E401E9C00B80A43 /* Sources */ = {
			isa = PBXSourcesBuildPhase;
			buildActionMask = 2147483647;
			files = (
			);
			runOnlyForDeploymentPostprocessing = 0;
		};
		C63E051F2E401E9E00B80A43 /* Sources */ = {
			isa = PBXSourcesBuildPhase;
			buildActionMask = 2147483647;
			files = (
			);
			runOnlyForDeploymentPostprocessing = 0;
		};
		C63E05292E401E9E00B80A43 /* Sources */ = {
			isa = PBXSourcesBuildPhase;
			buildActionMask = 2147483647;
			files = (
			);
			runOnlyForDeploymentPostprocessing = 0;
		};
/* End PBXSourcesBuildPhase section */

/* Begin PBXTargetDependency section */
		C63E05252E401E9E00B80A43 /* PBXTargetDependency */ = {
			isa = PBXTargetDependency;
			target = C63E05142E401E9C00B80A43 /* AudioToText */;
			targetProxy = C63E05242E401E9E00B80A43 /* PBXContainerItemProxy */;
		};
		C63E052F2E401E9E00B80A43 /* PBXTargetDependency */ = {
			isa = PBXTargetDependency;
			target = C63E05142E401E9C00B80A43 /* AudioToText */;
			targetProxy = C63E052E2E401E9E00B80A43 /* PBXContainerItemProxy */;
		};
/* End PBXTargetDependency section */

/* Begin XCBuildConfiguration section */
		C63E05352E401E9E00B80A43 /* Debug */ = {
			isa = XCBuildConfiguration;
			buildSettings = {
				ALWAYS_SEARCH_USER_PATHS = NO;
				ASSETCATALOG_COMPILER_GENERATE_SWIFT_ASSET_SYMBOL_EXTENSIONS = YES;
				CLANG_ANALYZER_NONNULL = YES;
				CLANG_ANALYZER_NUMBER_OBJECT_CONVERSION = YES_AGGRESSIVE;
				CLANG_CXX_LANGUAGE_STANDARD = "gnu++20";
				CLANG_ENABLE_MODULES = YES;
				CLANG_ENABLE_OBJC_ARC = YES;
				CLANG_ENABLE_OBJC_WEAK = YES;
				CLANG_WARN_BLOCK_CAPTURE_AUTORELEASING = YES;
				CLANG_WARN_BOOL_CONVERSION = YES;
				CLANG_WARN_COMMA = YES;
				CLANG_WARN_CONSTANT_CONVERSION = YES;
				CLANG_WARN_DEPRECATED_OBJC_IMPLEMENTATIONS = YES;
				CLANG_WARN_DIRECT_OBJC_ISA_USAGE = YES_ERROR;
				CLANG_WARN_DOCUMENTATION_COMMENTS = YES;
				CLANG_WARN_EMPTY_BODY = YES;
				CLANG_WARN_ENUM_CONVERSION = YES;
				CLANG_WARN_INFINITE_RECURSION = YES;
				CLANG_WARN_INT_CONVERSION = YES;
				CLANG_WARN_NON_LITERAL_NULL_CONVERSION = YES;
				CLANG_WARN_OBJC_IMPLICIT_RETAIN_SELF = YES;
				CLANG_WARN_OBJC_LITERAL_CONVERSION = YES;
				CLANG_WARN_OBJC_ROOT_CLASS = YES_ERROR;
				CLANG_WARN_QUOTED_INCLUDE_IN_FRAMEWORK_HEADER = YES;
				CLANG_WARN_RANGE_LOOP_ANALYSIS = YES;
				CLANG_WARN_STRICT_PROTOTYPES = YES;
				CLANG_WARN_SUSPICIOUS_MOVE = YES;
				CLANG_WARN_UNGUARDED_AVAILABILITY = YES_AGGRESSIVE;
				CLANG_WARN_UNREACHABLE_CODE = YES;
				CLANG_WARN__DUPLICATE_METHOD_MATCH = YES;
				COPY_PHASE_STRIP = NO;
				DEBUG_INFORMATION_FORMAT = dwarf;
				DEVELOPMENT_TEAM = A5T9X3NS8C;
				ENABLE_STRICT_OBJC_MSGSEND = YES;
				ENABLE_TESTABILITY = YES;
				ENABLE_USER_SCRIPT_SANDBOXING = YES;
				GCC_C_LANGUAGE_STANDARD = gnu17;
				GCC_DYNAMIC_NO_PIC = NO;
				GCC_NO_COMMON_BLOCKS = YES;
				GCC_OPTIMIZATION_LEVEL = 0;
				GCC_PREPROCESSOR_DEFINITIONS = (
					"DEBUG=1",
					"$(inherited)",
				);
				GCC_WARN_64_TO_32_BIT_CONVERSION = YES;
				GCC_WARN_ABOUT_RETURN_TYPE = YES_ERROR;
				GCC_WARN_UNDECLARED_SELECTOR = YES;
				GCC_WARN_UNINITIALIZED_AUTOS = YES_AGGRESSIVE;
				GCC_WARN_UNUSED_FUNCTION = YES;
				GCC_WARN_UNUSED_VARIABLE = YES;
				LOCALIZATION_PREFERS_STRING_CATALOGS = YES;
				MACOSX_DEPLOYMENT_TARGET = 15.5;
				MTL_ENABLE_DEBUG_INFO = INCLUDE_SOURCE;
				MTL_FAST_MATH = YES;
				ONLY_ACTIVE_ARCH = YES;
				SDKROOT = macosx;
				SWIFT_ACTIVE_COMPILATION_CONDITIONS = "DEBUG $(inherited)";
				SWIFT_OPTIMIZATION_LEVEL = "-Onone";
			};
			name = Debug;
		};
		C63E05362E401E9E00B80A43 /* Release */ = {
			isa = XCBuildConfiguration;
			buildSettings = {
				ALWAYS_SEARCH_USER_PATHS = NO;
				ASSETCATALOG_COMPILER_GENERATE_SWIFT_ASSET_SYMBOL_EXTENSIONS = YES;
				CLANG_ANALYZER_NONNULL = YES;
				CLANG_ANALYZER_NUMBER_OBJECT_CONVERSION = YES_AGGRESSIVE;
				CLANG_CXX_LANGUAGE_STANDARD = "gnu++20";
				CLANG_ENABLE_MODULES = YES;
				CLANG_ENABLE_OBJC_ARC = YES;
				CLANG_ENABLE_OBJC_WEAK = YES;
				CLANG_WARN_BLOCK_CAPTURE_AUTORELEASING = YES;
				CLANG_WARN_BOOL_CONVERSION = YES;
				CLANG_WARN_COMMA = YES;
				CLANG_WARN_CONSTANT_CONVERSION = YES;
				CLANG_WARN_DEPRECATED_OBJC_IMPLEMENTATIONS = YES;
				CLANG_WARN_DIRECT_OBJC_ISA_USAGE = YES_ERROR;
				CLANG_WARN_DOCUMENTATION_COMMENTS = YES;
				CLANG_WARN_EMPTY_BODY = YES;
				CLANG_WARN_ENUM_CONVERSION = YES;
				CLANG_WARN_INFINITE_RECURSION = YES;
				CLANG_WARN_INT_CONVERSION = YES;
				CLANG_WARN_NON_LITERAL_NULL_CONVERSION = YES;
				CLANG_WARN_OBJC_IMPLICIT_RETAIN_SELF = YES;
				CLANG_WARN_OBJC_LITERAL_CONVERSION = YES;
				CLANG_WARN_OBJC_ROOT_CLASS = YES_ERROR;
				CLANG_WARN_QUOTED_INCLUDE_IN_FRAMEWORK_HEADER = YES;
				CLANG_WARN_RANGE_LOOP_ANALYSIS = YES;
				CLANG_WARN_STRICT_PROTOTYPES = YES;
				CLANG_WARN_SUSPICIOUS_MOVE = YES;
				CLANG_WARN_UNGUARDED_AVAILABILITY = YES_AGGRESSIVE;
				CLANG_WARN_UNREACHABLE_CODE = YES;
				CLANG_WARN__DUPLICATE_METHOD_MATCH = YES;
				COPY_PHASE_STRIP = NO;
				DEBUG_INFORMATION_FORMAT = "dwarf-with-dsym";
				DEVELOPMENT_TEAM = A5T9X3NS8C;
				ENABLE_NS_ASSERTIONS = NO;
				ENABLE_STRICT_OBJC_MSGSEND = YES;
				ENABLE_USER_SCRIPT_SANDBOXING = YES;
				GCC_C_LANGUAGE_STANDARD = gnu17;
				GCC_NO_COMMON_BLOCKS = YES;
				GCC_WARN_64_TO_32_BIT_CONVERSION = YES;
				GCC_WARN_ABOUT_RETURN_TYPE = YES_ERROR;
				GCC_WARN_UNDECLARED_SELECTOR = YES;
				GCC_WARN_UNINITIALIZED_AUTOS = YES_AGGRESSIVE;
				GCC_WARN_UNUSED_FUNCTION = YES;
				GCC_WARN_UNUSED_VARIABLE = YES;
				LOCALIZATION_PREFERS_STRING_CATALOGS = YES;
				MACOSX_DEPLOYMENT_TARGET = 15.5;
				MTL_ENABLE_DEBUG_INFO = NO;
				MTL_FAST_MATH = YES;
				SDKROOT = macosx;
				SWIFT_COMPILATION_MODE = wholemodule;
			};
			name = Release;
		};
		C63E05382E401E9E00B80A43 /* Debug */ = {
			isa = XCBuildConfiguration;
			buildSettings = {
				ASSETCATALOG_COMPILER_APPICON_NAME = AppIcon;
				ASSETCATALOG_COMPILER_GLOBAL_ACCENT_COLOR_NAME = AccentColor;
				CODE_SIGN_ENTITLEMENTS = AudioToText/AudioToText.entitlements;
				CODE_SIGN_STYLE = Automatic;
				COMBINE_HIDPI_IMAGES = YES;
				CURRENT_PROJECT_VERSION = 1;
				DEVELOPMENT_TEAM = A5T9X3NS8C;
				ENABLE_HARDENED_RUNTIME = YES;
				ENABLE_PREVIEWS = YES;
				GENERATE_INFOPLIST_FILE = YES;
				INFOPLIST_KEY_NSHumanReadableCopyright = "";
				INFOPLIST_KEY_NSSpeechRecognitionUsageDescription = "This app needs to access speech recognition to transcribe your audio files.";
				LD_RUNPATH_SEARCH_PATHS = (
					"$(inherited)",
					"@executable_path/../Frameworks",
				);
				MARKETING_VERSION = 1.0;
				PRODUCT_BUNDLE_IDENTIFIER = org.jempe.AudioToText;
				PRODUCT_NAME = "$(TARGET_NAME)";
				REGISTER_APP_GROUPS = YES;
				SWIFT_EMIT_LOC_STRINGS = YES;
				SWIFT_VERSION = 5.0;
			};
			name = Debug;
		};
		C63E05392E401E9E00B80A43 /* Release */ = {
			isa = XCBuildConfiguration;
			buildSettings = {
				ASSETCATALOG_COMPILER_APPICON_NAME = AppIcon;
				ASSETCATALOG_COMPILER_GLOBAL_ACCENT_COLOR_NAME = AccentColor;
				CODE_SIGN_ENTITLEMENTS = AudioToText/AudioToText.entitlements;
				CODE_SIGN_STYLE = Automatic;
				COMBINE_HIDPI_IMAGES = YES;
				CURRENT_PROJECT_VERSION = 1;
				DEVELOPMENT_TEAM = A5T9X3NS8C;
				ENABLE_HARDENED_RUNTIME = YES;
				ENABLE_PREVIEWS = YES;
				GENERATE_INFOPLIST_FILE = YES;
				INFOPLIST_KEY_NSHumanReadableCopyright = "";
				INFOPLIST_KEY_NSSpeechRecognitionUsageDescription = "This app needs to access speech recognition to transcribe your audio files.";
				LD_RUNPATH_SEARCH_PATHS = (
					"$(inherited)",
					"@executable_path/../Frameworks",
				);
				MARKETING_VERSION = 1.0;
				PRODUCT_BUNDLE_IDENTIFIER = org.jempe.AudioToText;
				PRODUCT_NAME = "$(TARGET_NAME)";
				REGISTER_APP_GROUPS = YES;
				SWIFT_EMIT_LOC_STRINGS = YES;
				SWIFT_VERSION = 5.0;
			};
			name = Release;
		};
		C63E053B2E401E9E00B80A43 /* Debug */ = {
			isa = XCBuildConfiguration;
			buildSettings = {
				BUNDLE_LOADER = "$(TEST_HOST)";
				CODE_SIGN_STYLE = Automatic;
				CURRENT_PROJECT_VERSION = 1;
				DEVELOPMENT_TEAM = A5T9X3NS8C;
				GENERATE_INFOPLIST_FILE = YES;
				MACOSX_DEPLOYMENT_TARGET = 15.5;
				MARKETING_VERSION = 1.0;
				PRODUCT_BUNDLE_IDENTIFIER = org.jempe.AudioToTextTests;
				PRODUCT_NAME = "$(TARGET_NAME)";
				SWIFT_EMIT_LOC_STRINGS = NO;
				SWIFT_VERSION = 5.0;
				TEST_HOST = "$(BUILT_PRODUCTS_DIR)/AudioToText.app/$(BUNDLE_EXECUTABLE_FOLDER_PATH)/AudioToText";
			};
			name = Debug;
		};
		C63E053C2E401E9E00B80A43 /* Release */ = {
			isa = XCBuildConfiguration;
			buildSettings = {
				BUNDLE_LOADER = "$(TEST_HOST)";
				CODE_SIGN_STYLE = Automatic;
				CURRENT_PROJECT_VERSION = 1;
				DEVELOPMENT_TEAM = A5T9X3NS8C;
				GENERATE_INFOPLIST_FILE = YES;
				MACOSX_DEPLOYMENT_TARGET = 15.5;
				MARKETING_VERSION = 1.0;
				PRODUCT_BUNDLE_IDENTIFIER = org.jempe.AudioToTextTests;
				PRODUCT_NAME = "$(TARGET_NAME)";
				SWIFT_EMIT_LOC_STRINGS = NO;
				SWIFT_VERSION = 5.0;
				TEST_HOST = "$(BUILT_PRODUCTS_DIR)/AudioToText.app/$(BUNDLE_EXECUTABLE_FOLDER_PATH)/AudioToText";
			};
			name = Release;
		};
		C63E053E2E401E9E00B80A43 /* Debug */ = {
			isa = XCBuildConfiguration;
			buildSettings = {
				CODE_SIGN_STYLE = Automatic;
				CURRENT_PROJECT_VERSION = 1;
				DEVELOPMENT_TEAM = A5T9X3NS8C;
				GENERATE_INFOPLIST_FILE = YES;
				MARKETING_VERSION = 1.0;
				PRODUCT_BUNDLE_IDENTIFIER = org.jempe.AudioToTextUITests;
				PRODUCT_NAME = "$(TARGET_NAME)";
				SWIFT_EMIT_LOC_STRINGS = NO;
				SWIFT_VERSION = 5.0;
				TEST_TARGET_NAME = AudioToText;
			};
			name = Debug;
		};
		C63E053F2E401E9E00B80A43 /* Release */ = {
			isa = XCBuildConfiguration;
			buildSettings = {
				CODE_SIGN_STYLE = Automatic;
				CURRENT_PROJECT_VERSION = 1;
				DEVELOPMENT_TEAM = A5T9X3NS8C;
				GENERATE_INFOPLIST_FILE = YES;
				MARKETING_VERSION = 1.0;
				PRODUCT_BUNDLE_IDENTIFIER = org.jempe.AudioToTextUITests;
				PRODUCT_NAME = "$(TARGET_NAME)";
				SWIFT_EMIT_LOC_STRINGS = NO;
				SWIFT_VERSION = 5.0;
				TEST_TARGET_NAME = AudioToText;
			};
			name = Release;
		};
/* End XCBuildConfiguration section */

/* Begin XCConfigurationList section */
		C63E05102E401E9C00B80A43 /* Build configuration list for PBXProject "AudioToText" */ = {
			isa = XCConfigurationList;
			buildConfigurations = (
				C63E05352E401E9E00B80A43 /* Debug */,
				C63E05362E401E9E00B80A43 /* Release */,
			);
			defaultConfigurationIsVisible = 0;
			defaultConfigurationName = Release;
		};
		C63E05372E401E9E00B80A43 /* Build configuration list for PBXNativeTarget "AudioToText" */ = {
			isa = XCConfigurationList;
			buildConfigurations = (
				C63E05382E401E9E00B80A43 /* Debug */,
				C63E05392E401E9E00B80A43 /* Release */,
			);
			defaultConfigurationIsVisible = 0;
			defaultConfigurationName = Release;
		};
		C63E053A2E401E9E00B80A43 /* Build configuration list for PBXNativeTarget "AudioToTextTests" */ = {
			isa = XCConfigurationList;
			buildConfigurations = (
				C63E053B2E401E9E00B80A43 /* Debug */,
				C63E053C2E401E9E00B80A43 /* Release */,
			);
			defaultConfigurationIsVisible = 0;
			defaultConfigurationName = Release;
		};
		C63E053D2E401E9E00B80A43 /* Build configuration list for PBXNativeTarget "AudioToTextUITests" */ = {
			isa = XCConfigurationList;
			buildConfigurations = (
				C63E053E2E401E9E00B80A43 /* Debug */,
				C63E053F2E401E9E00B80A43 /* Release */,
			);
			defaultConfigurationIsVisible = 0;
			defaultConfigurationName = Release;
		};
/* End XCConfigurationList section */
	};
	rootObject = C63E050D2E401E9C00B80A43 /* Project object */;
}
